<?xml version="1.0" encoding="UTF-8"?>
<Scheme
   LastUpgradeVersion = "0500"
   version = "1.7">
   <BuildAction
      parallelizeBuildables = "YES"
      buildImplicitDependencies = "YES">
      <PreActions>
         <ExecutionAction
            ActionType = "Xcode.IDEStandardExecutionActionsCore.ExecutionActionType.ShellScriptAction">
            <ActionContent
               title = "Run Script"
               scriptText = "echo&#10;echo &quot;Pre-action script&quot;&#10;echo&#10;cache=${CACHE_ROOT}&#10;strings_path=${cache%/*/*/*/*}/T&#10;                            &#10;wti init pTYtGGZ5F_Vz71Sf6TXQvA&#10;wti pull --all&#10;files=&quot;*.strings&quot;&#10;for f in $files&#10;do&#10;file=&quot;${f%.*}&quot;&#10;if [ $file == &quot;Localizable&quot; ]; then&#10;mv &quot;$strings_path/$file.strings&quot; &quot;${PROJECT_DIR}/Tasky iOS/en.lproj/Localizable.strings&quot;&#10;else&#10;locale=&quot;${file##*.}&quot;&#10;mv &quot;$strings_path/$file.strings&quot; &quot;${PROJECT_DIR}/Tasky iOS/$locale.lproj/Localizable.strings&quot;&#10;fi&#10;done&#10;buildNumber=`/bin/date +%Y%m%d%H%M%S`&#10;hexNumber=`echo &quot;obase=16;ibase=10; $buildNumber&quot; | bc`&#10;/usr/libexec/PlistBuddy -c &quot;Set :CFBundleVersion $hexNumber&quot; &quot;${PROJECT_DIR}/${INFOPLIST_FILE}&quot;&#10;&#10;echo&#10;echo &quot;End of Pre-action script&quot;&#10;echo&#10;">
               <EnvironmentBuildable>
                  <BuildableReference
                     BuildableIdentifier = "primary"
                     BlueprintIdentifier = "B9A2D3CC1784462900BBDE34"
                     BuildableName = "Tasky iOS.app"
                     BlueprintName = "Tasky iOS"
                     ReferencedContainer = "container:Tasky iOS.xcodeproj">
                  </BuildableReference>
               </EnvironmentBuildable>
            </ActionContent>
         </ExecutionAction>
      </PreActions>
      <BuildActionEntries>
         <BuildActionEntry
            buildForTesting = "YES"
            buildForRunning = "YES"
            buildForProfiling = "YES"
            buildForArchiving = "YES"
            buildForAnalyzing = "YES">
            <BuildableReference
               BuildableIdentifier = "primary"
               BlueprintIdentifier = "B9A2D3CC1784462900BBDE34"
               BuildableName = "Tasky iOS.app"
               BlueprintName = "Tasky iOS"
               ReferencedContainer = "container:Tasky iOS.xcodeproj">
            </BuildableReference>
         </BuildActionEntry>
      </BuildActionEntries>
   </BuildAction>
   <TestAction
      selectedDebuggerIdentifier = "Xcode.DebuggerFoundation.Debugger.LLDB"
      selectedLauncherIdentifier = "Xcode.DebuggerFoundation.Launcher.LLDB"
      shouldUseLaunchSchemeArgsEnv = "YES"
      buildConfiguration = "Debug">
      <Testables>
         <TestableReference
            skipped = "NO">
            <BuildableReference
               BuildableIdentifier = "primary"
               BlueprintIdentifier = "B9A2D3EC1784462900BBDE34"
               BuildableName = "Tasky iOSTests.octest"
               BlueprintName = "Tasky iOSTests"
               ReferencedContainer = "container:Tasky iOS.xcodeproj">
            </BuildableReference>
         </TestableReference>
      </Testables>
      <MacroExpansion>
         <BuildableReference
            BuildableIdentifier = "primary"
            BlueprintIdentifier = "B9A2D3CC1784462900BBDE34"
            BuildableName = "Tasky iOS.app"
            BlueprintName = "Tasky iOS"
            ReferencedContainer = "container:Tasky iOS.xcodeproj">
         </BuildableReference>
      </MacroExpansion>
   </TestAction>
   <LaunchAction
      selectedDebuggerIdentifier = "Xcode.DebuggerFoundation.Debugger.LLDB"
      selectedLauncherIdentifier = "Xcode.DebuggerFoundation.Launcher.LLDB"
      launchStyle = "0"
      useCustomWorkingDirectory = "NO"
      buildConfiguration = "Debug"
      ignoresPersistentStateOnLaunch = "NO"
      debugDocumentVersioning = "YES"
      allowLocationSimulation = "YES">
      <BuildableProductRunnable>
         <BuildableReference
            BuildableIdentifier = "primary"
            BlueprintIdentifier = "B9A2D3CC1784462900BBDE34"
            BuildableName = "Tasky iOS.app"
            BlueprintName = "Tasky iOS"
            ReferencedContainer = "container:Tasky iOS.xcodeproj">
         </BuildableReference>
      </BuildableProductRunnable>
      <AdditionalOptions>
      </AdditionalOptions>
   </LaunchAction>
   <ProfileAction
      shouldUseLaunchSchemeArgsEnv = "YES"
      savedToolIdentifier = ""
      useCustomWorkingDirectory = "NO"
      buildConfiguration = "Release"
      debugDocumentVersioning = "YES">
      <BuildableProductRunnable>
         <BuildableReference
            BuildableIdentifier = "primary"
            BlueprintIdentifier = "B9A2D3CC1784462900BBDE34"
            BuildableName = "Tasky iOS.app"
            BlueprintName = "Tasky iOS"
            ReferencedContainer = "container:Tasky iOS.xcodeproj">
         </BuildableReference>
      </BuildableProductRunnable>
   </ProfileAction>
   <AnalyzeAction
      buildConfiguration = "Debug">
   </AnalyzeAction>
   <ArchiveAction
      buildConfiguration = "Testflight"
      revealArchiveInOrganizer = "YES">
      <PostActions>
         <ExecutionAction
            ActionType = "Xcode.IDEStandardExecutionActionsCore.ExecutionActionType.ShellScriptAction">
            <ActionContent
               title = "Run Script"
               scriptText = "#!/bin/bash&#10;#&#10;# (Above line comes out when placing in Xcode scheme)&#10;#&#10;# Valid and working as of 10/29/2013&#10;# Xcode 5.0.1, XCode Server&#10;#&#10;API_TOKEN=&quot;9326b597-b1eb-4413-a7ad-7d3685d2d990&quot;&#10;TEAM_TOKEN=&quot;3e2a8696def2850b76ca12710d9f4c43_MjEyNzk4MjAxMy0wNy0zMSAyMjo1Mzo1OS40MDA0OTM&quot;&#10;DISTRIBUTION_LISTS=&quot;Phat Vo&quot;&#10;PROVISIONING_PROFILE=&quot;/Library/Server/Xcode/Data/ProvisioningProfiles/Energy_Saver_Test.mobileprovision&quot;&#10;#EXAMPLE:&quot;/Library/Server/Xcode/Data/ProvisioningProfiles/DocLink_InHouse_2013.mobileprovision&quot;&#10;&#10;SIGNING_IDENTITY=&quot;Energy Saver Test&quot;&#10;#EXAMPLE:&quot;iPhone Distribution: Unwired Revolution, LLC.&quot;&#10;&#10;# DO NOT EDIT BELOW HERE!&#10;########################################&#10;DSYM=&quot;/tmp/Archive.xcarchive/dSYMs/${PRODUCT_NAME}.app.dSYM&quot;&#10;&#10;IPA=&quot;/tmp/${PRODUCT_NAME}.ipa&quot;&#10;&#10;APP=&quot;/tmp/Archive.xcarchive/Products/Applications/${PRODUCT_NAME}.app&quot;&#10;&#10;# Clear out any old copies of the Archive&#10;echo &quot;Removing old Archive files from /tmp...&quot;;&#10;/bin/rm -rf /tmp/Archive.xcarchive*&#10;&#10;#Copy over the latest build the bot just created&#10;echo &quot;Copying latest Archive to /tmp/...&quot;;&#10;LATESTBUILD=$(ls -1rt /Library/Server/Xcode/Data/BotRuns | tail -1)&#10;/bin/cp -Rp &quot;/Library/Server/Xcode/Data/BotRuns/${LATESTBUILD}/output/Archive.xcarchive&quot; &quot;/tmp/&quot;&#10;&#10;echo &quot;Creating .ipa for ${PRODUCT_NAME}&quot;&#10;/bin/rm &quot;${IPA}&quot;&#10;/usr/bin/xcrun -sdk iphoneos PackageApplication -v &quot;${APP}&quot; -o &quot;${IPA}&quot; --sign &quot;${SIGNING_IDENTITY}&quot; --embed &quot;${PROVISIONING_PROFILE}&quot;&#10;&#10;echo &quot;Done with IPA creation.&quot;&#10;&#10;echo &quot;Zipping .dSYM for ${PRODUCT_NAME}&quot;&#10;/bin/rm &quot;${DSYM}.zip&quot;&#10;/usr/bin/zip -r &quot;${DSYM}.zip&quot; &quot;${DSYM}&quot;&#10;&#10;echo &quot;Created .dSYM for ${PRODUCT_NAME}&quot;&#10;&#10;echo &quot;*** Uploading ${PRODUCT_NAME} to TestFlight ***&quot;&#10;/usr/bin/curl &quot;http://testflightapp.com/api/builds.json&quot; \&#10;-F file=@&quot;${IPA}&quot; \&#10;-F dsym=@&quot;${DSYM}.zip&quot; \&#10;-F api_token=&quot;${API_TOKEN}&quot; \&#10;-F team_token=&quot;${TEAM_TOKEN}&quot; \&#10;-F distribution_lists=&quot;${DISTRIBUTION_LISTS}&quot; \&#10;-F notes=&quot;Build uploaded automatically from Xcode Server Bot.&quot;&#10;&#10;echo &quot;TestFlight upload finished!&quot;">
               <EnvironmentBuildable>
                  <BuildableReference
                     BuildableIdentifier = "primary"
                     BlueprintIdentifier = "B9A2D3CC1784462900BBDE34"
                     BuildableName = "Tasky iOS.app"
                     BlueprintName = "Tasky iOS"
                     ReferencedContainer = "container:Tasky iOS.xcodeproj">
                  </BuildableReference>
               </EnvironmentBuildable>
            </ActionContent>
         </ExecutionAction>
      </PostActions>
   </ArchiveAction>
</Scheme>
